hash: 57c1e50349d6d1b2b6d273c5355fddf5e39224cae3230f90c061445e704f5f77
updated: 2016-09-12T00:00:16.877138848-05:00
imports:
- name: github.com/Azure/go-ansiterm
  version: fa152c58bc15761d0200cb75fe958b89a9d4888e
  subpackages:
  - winterm
- name: github.com/bugsnag/bugsnag-go
  version: 31ae3484de3e96dbc4de1756b14ad6393b94103c
  subpackages:
  - errors
- name: github.com/bugsnag/osext
  version: 0dd3f918b21bec95ace9dc86c7e70266cfc5c702
- name: github.com/bugsnag/panicwrap
  version: d6191e27ad06236eaad65d79e49a08b03b9f8029
- name: github.com/docker/docker
  version: 7ff546467de3fa3d1c1104e9f40c6d16742ebac0
  subpackages:
  - pkg/system
  - pkg/term
  - pkg/term/windows
- name: github.com/docker/go-units
  version: f2d77a61e3c169b43402a0a1e84f06daf29b8190
- name: github.com/eris-ltd/common
  version: 875c64ec7e1525b3c8e0efed7d4974665fff4942
  subpackages:
  - go/common
- name: github.com/eris-ltd/eris-logger
  version: ea48a395d6ecc0eccc67a26da9fc7a6106fabb84
- name: github.com/eris-ltd/eris-pm
  version: 2d17c205ee6bb672f112bbc090f1af56303ea00e
  subpackages:
  - definitions
- name: github.com/ethereum/go-ethereum
  version: 98be7cd8337fb9633af29510fc4e1e494bb839f2
  subpackages:
  - common
  - crypto
  - crypto/ecies
  - crypto/randentropy
  - crypto/secp256k1
  - crypto/sha3
  - rlp
- name: github.com/mitchellh/go-homedir
  version: 756f7b183b7ab78acdbbee5c7f392838ed459dda
- name: github.com/Sirupsen/logrus
  version: f3cfb454f4c209e6668c95216c4744b8fddb2356
- name: golang.org/x/crypto
  version: 0e31b188fd38db611d4fbab7de9373a95f36aae5
  subpackages:
  - ripemd160
- name: golang.org/x/sys
  version: 62bee037599929a6e9146f29d10dd5208c43507d
  subpackages:
  - unix
testImports: []
